PODS:
  - Alamofire (5.6.2)
  - Kingfisher (7.3.2)
  - Locksmith (4.0.0)
  - Moya (15.0.0):
    - Moya/Core (= 15.0.0)
  - Moya/Core (15.0.0):
    - Alamofire (~> 5.0)
  - PromiseKit (6.18.1):
    - PromiseKit/CorePromise (= 6.18.1)
    - PromiseKit/Foundation (= 6.18.1)
    - PromiseKit/UIKit (= 6.18.1)
  - PromiseKit/CorePromise (6.18.1)
  - PromiseKit/Foundation (6.18.1):
    - PromiseKit/CorePromise
  - PromiseKit/UIKit (6.18.1):
    - PromiseKit/CorePromise
  - Realm (10.30.0):
    - Realm/Headers (= 10.30.0)
  - Realm/Headers (10.30.0)
  - RealmSwift (10.30.0):
    - Realm (= 10.30.0)
  - SwiftLint (0.49.1)

DEPENDENCIES:
  - Kingfisher (~> 7.0)
  - Locksmith
  - Moya
  - PromiseKit
  - RealmSwift
  - SwiftLint

SPEC REPOS:
  trunk:
    - Alamofire
    - Kingfisher
    - Locksmith
    - Moya
    - PromiseKit
    - Realm
    - RealmSwift
    - SwiftLint

SPEC CHECKSUMS:
  Alamofire: d368e1ff8a298e6dde360e35a3e68e6c610e7204
  Kingfisher: 0086ad83719761ba9b2cdaf6ef4d5b4878cbae23
  Locksmith: e9bebbaaa4cee3c511bc358a44f843c3fe00e21f
  Moya: 138f0573e53411fb3dc17016add0b748dfbd78ee
  PromiseKit: 49d70c53d5d20e346beaea4b276b5dd2ab446bb4
  Realm: 247ccacf72e656c6ee09b242f7d24d5cf99cc058
  RealmSwift: b3f5c52afa6ac480bd9c3e791c2576f55b3ecb44
  SwiftLint: 32ee33ded0636d0905ef6911b2b67bbaeeedafa5

PODFILE CHECKSUM: 994019fc4b7353eee5a28933efca89f6a03aedd8

COCOAPODS: 1.11.3
